
Microsoft Visual Studio Solution File, Format Version 12.00
# Visual Studio 15
VisualStudioVersion = 15.0.28307.102
MinimumVisualStudioVersion = 10.0.40219.1
Project("{FAE04EC0-301F-11D3-BF4B-00C04F79EFBC}") = "ArduinoRGBLib", "ArduinoRGBService\ArduinoRGBLib.csproj", "{280C5882-1846-4D78-AE2D-0D36884EB963}"
EndProject
Project("{FAE04EC0-301F-11D3-BF4B-00C04F79EFBC}") = "ArduinoRGBTest", "ArduinoRGBTest\ArduinoRGBTest.csproj", "{1DA2B6DE-CE07-4EEF-8009-19DFDB8D0A10}"
EndProject
Project("{8BC9CEB8-8B4A-11D0-8D11-00A0C91BC942}") = "ArduinoRGBClient", "ArduinoRGBClient\ArduinoRGBClient.vcxproj", "{C5F80730-F44F-4478-BDAE-6634EFC2CA88}"
EndProject
Project("{FAE04EC0-301F-11D3-BF4B-00C04F79EFBC}") = "ArduinoRGBGui", "ArduinoRGBGui\ArduinoRGBGui.csproj", "{9D063E57-36C9-4A65-B0F7-B56C8C17E942}"
EndProject
Global
	GlobalSection(SolutionConfigurationPlatforms) = preSolution
		Debug|Any CPU = Debug|Any CPU
		Debug|x86 = Debug|x86
		Release|Any CPU = Release|Any CPU
		Release|x86 = Release|x86
	EndGlobalSection
	GlobalSection(ProjectConfigurationPlatforms) = postSolution
		{280C5882-1846-4D78-AE2D-0D36884EB963}.Debug|Any CPU.ActiveCfg = Debug|Any CPU
		{280C5882-1846-4D78-AE2D-0D36884EB963}.Debug|Any CPU.Build.0 = Debug|Any CPU
		{280C5882-1846-4D78-AE2D-0D36884EB963}.Debug|x86.ActiveCfg = Debug|Any CPU
		{280C5882-1846-4D78-AE2D-0D36884EB963}.Debug|x86.Build.0 = Debug|Any CPU
		{280C5882-1846-4D78-AE2D-0D36884EB963}.Release|Any CPU.ActiveCfg = Release|Any CPU
		{280C5882-1846-4D78-AE2D-0D36884EB963}.Release|Any CPU.Build.0 = Release|Any CPU
		{280C5882-1846-4D78-AE2D-0D36884EB963}.Release|x86.ActiveCfg = Release|Any CPU
		{280C5882-1846-4D78-AE2D-0D36884EB963}.Release|x86.Build.0 = Release|Any CPU
		{1DA2B6DE-CE07-4EEF-8009-19DFDB8D0A10}.Debug|Any CPU.ActiveCfg = Debug|Any CPU
		{1DA2B6DE-CE07-4EEF-8009-19DFDB8D0A10}.Debug|Any CPU.Build.0 = Debug|Any CPU
		{1DA2B6DE-CE07-4EEF-8009-19DFDB8D0A10}.Debug|x86.ActiveCfg = Debug|Any CPU
		{1DA2B6DE-CE07-4EEF-8009-19DFDB8D0A10}.Debug|x86.Build.0 = Debug|Any CPU
		{1DA2B6DE-CE07-4EEF-8009-19DFDB8D0A10}.Release|Any CPU.ActiveCfg = Release|Any CPU
		{1DA2B6DE-CE07-4EEF-8009-19DFDB8D0A10}.Release|Any CPU.Build.0 = Release|Any CPU
		{1DA2B6DE-CE07-4EEF-8009-19DFDB8D0A10}.Release|x86.ActiveCfg = Release|Any CPU
		{1DA2B6DE-CE07-4EEF-8009-19DFDB8D0A10}.Release|x86.Build.0 = Release|Any CPU
		{C5F80730-F44F-4478-BDAE-6634EFC2CA88}.Debug|Any CPU.ActiveCfg = Debug|Win32
		{C5F80730-F44F-4478-BDAE-6634EFC2CA88}.Debug|x86.ActiveCfg = Debug|Win32
		{C5F80730-F44F-4478-BDAE-6634EFC2CA88}.Debug|x86.Build.0 = Debug|Win32
		{C5F80730-F44F-4478-BDAE-6634EFC2CA88}.Release|Any CPU.ActiveCfg = Release|Win32
		{C5F80730-F44F-4478-BDAE-6634EFC2CA88}.Release|x86.ActiveCfg = Release|Win32
		{C5F80730-F44F-4478-BDAE-6634EFC2CA88}.Release|x86.Build.0 = Release|Win32
		{9D063E57-36C9-4A65-B0F7-B56C8C17E942}.Debug|Any CPU.ActiveCfg = Debug|Any CPU
		{9D063E57-36C9-4A65-B0F7-B56C8C17E942}.Debug|Any CPU.Build.0 = Debug|Any CPU
		{9D063E57-36C9-4A65-B0F7-B56C8C17E942}.Debug|x86.ActiveCfg = Debug|Any CPU
		{9D063E57-36C9-4A65-B0F7-B56C8C17E942}.Debug|x86.Build.0 = Debug|Any CPU
		{9D063E57-36C9-4A65-B0F7-B56C8C17E942}.Release|Any CPU.ActiveCfg = Release|Any CPU
		{9D063E57-36C9-4A65-B0F7-B56C8C17E942}.Release|Any CPU.Build.0 = Release|Any CPU
		{9D063E57-36C9-4A65-B0F7-B56C8C17E942}.Release|x86.ActiveCfg = Release|Any CPU
		{9D063E57-36C9-4A65-B0F7-B56C8C17E942}.Release|x86.Build.0 = Release|Any CPU
	EndGlobalSection
	GlobalSection(SolutionProperties) = preSolution
		HideSolutionNode = FALSE
	EndGlobalSection
	GlobalSection(ExtensibilityGlobals) = postSolution
		SolutionGuid = {F15E2AFE-8FD0-40B0-A8EE-F4BF1C230E80}
	EndGlobalSection
EndGlobal
