
Microsoft Visual Studio Solution File, Format Version 12.00
# Visual Studio 15
VisualStudioVersion = 15.0.28307.102
MinimumVisualStudioVersion = 10.0.40219.1
Project("{FAE04EC0-301F-11D3-BF4B-00C04F79EFBC}") = "ArduinoRGBLib", "ArduinoRGBService\ArduinoRGBLib.csproj", "{280C5882-1846-4D78-AE2D-0D36884EB963}"
EndProject
Project("{FAE04EC0-301F-11D3-BF4B-00C04F79EFBC}") = "ArduinoRGBTest", "ArduinoRGBTest\ArduinoRGBTest.csproj", "{1DA2B6DE-CE07-4EEF-8009-19DFDB8D0A10}"
EndProject
Global
	GlobalSection(SolutionConfigurationPlatforms) = preSolution
		Debug|Any CPU = Debug|Any CPU
		Release|Any CPU = Release|Any CPU
	EndGlobalSection
	GlobalSection(ProjectConfigurationPlatforms) = postSolution
		{280C5882-1846-4D78-AE2D-0D36884EB963}.Debug|Any CPU.ActiveCfg = Debug|Any CPU
		{280C5882-1846-4D78-AE2D-0D36884EB963}.Debug|Any CPU.Build.0 = Debug|Any CPU
		{280C5882-1846-4D78-AE2D-0D36884EB963}.Release|Any CPU.ActiveCfg = Release|Any CPU
		{280C5882-1846-4D78-AE2D-0D36884EB963}.Release|Any CPU.Build.0 = Release|Any CPU
		{1DA2B6DE-CE07-4EEF-8009-19DFDB8D0A10}.Debug|Any CPU.ActiveCfg = Debug|Any CPU
		{1DA2B6DE-CE07-4EEF-8009-19DFDB8D0A10}.Debug|Any CPU.Build.0 = Debug|Any CPU
		{1DA2B6DE-CE07-4EEF-8009-19DFDB8D0A10}.Release|Any CPU.ActiveCfg = Release|Any CPU
		{1DA2B6DE-CE07-4EEF-8009-19DFDB8D0A10}.Release|Any CPU.Build.0 = Release|Any CPU
	EndGlobalSection
	GlobalSection(SolutionProperties) = preSolution
		HideSolutionNode = FALSE
	EndGlobalSection
	GlobalSection(ExtensibilityGlobals) = postSolution
		SolutionGuid = {F15E2AFE-8FD0-40B0-A8EE-F4BF1C230E80}
	EndGlobalSection
EndGlobal
